
Microsoft Visual Studio Solution File, Format Version 12.00
# Visual Studio Version 16
VisualStudioVersion = 16.0.29509.3
MinimumVisualStudioVersion = 10.0.40219.1
Project("{FAE04EC0-301F-11D3-BF4B-00C04F79EFBC}") = "Practices", "Practices\Practices.csproj", "{DA28E599-8E6A-4DF5-9EF1-79AF560A5F56}"
EndProject
Global
	GlobalSection(SolutionConfigurationPlatforms) = preSolution
		Debug|Any CPU = Debug|Any CPU
		Release|Any CPU = Release|Any CPU
	EndGlobalSection
	GlobalSection(ProjectConfigurationPlatforms) = postSolution
		{DA28E599-8E6A-4DF5-9EF1-79AF560A5F56}.Debug|Any CPU.ActiveCfg = Debug|Any CPU
		{DA28E599-8E6A-4DF5-9EF1-79AF560A5F56}.Debug|Any CPU.Build.0 = Debug|Any CPU
		{DA28E599-8E6A-4DF5-9EF1-79AF560A5F56}.Release|Any CPU.ActiveCfg = Release|Any CPU
		{DA28E599-8E6A-4DF5-9EF1-79AF560A5F56}.Release|Any CPU.Build.0 = Release|Any CPU
	EndGlobalSection
	GlobalSection(SolutionProperties) = preSolution
		HideSolutionNode = FALSE
	EndGlobalSection
	GlobalSection(ExtensibilityGlobals) = postSolution
		SolutionGuid = {E4162278-00A4-4118-9B08-94A95C983151}
	EndGlobalSection
EndGlobal
